
Microsoft Visual Studio Solution File, Format Version 12.00
# Visual Studio Version 17
VisualStudioVersion = 17.5.002.0
MinimumVisualStudioVersion = 10.0.40219.1
Project("{9A19103F-16F7-4668-BE54-9A1E7A4F7556}") = "print student details", "print student details.csproj", "{61187C25-2094-4D9E-AE63-C45FBA5A65D2}"
EndProject
Global
	GlobalSection(SolutionConfigurationPlatforms) = preSolution
		Debug|Any CPU = Debug|Any CPU
		Release|Any CPU = Release|Any CPU
	EndGlobalSection
	GlobalSection(ProjectConfigurationPlatforms) = postSolution
		{61187C25-2094-4D9E-AE63-C45FBA5A65D2}.Debug|Any CPU.ActiveCfg = Debug|Any CPU
		{61187C25-2094-4D9E-AE63-C45FBA5A65D2}.Debug|Any CPU.Build.0 = Debug|Any CPU
		{61187C25-2094-4D9E-AE63-C45FBA5A65D2}.Release|Any CPU.ActiveCfg = Release|Any CPU
		{61187C25-2094-4D9E-AE63-C45FBA5A65D2}.Release|Any CPU.Build.0 = Release|Any CPU
	EndGlobalSection
	GlobalSection(SolutionProperties) = preSolution
		HideSolutionNode = FALSE
	EndGlobalSection
	GlobalSection(ExtensibilityGlobals) = postSolution
		SolutionGuid = {9D0031B6-2834-483D-B657-302AF1392760}
	EndGlobalSection
EndGlobal
