
Microsoft Visual Studio Solution File, Format Version 12.00
# Visual Studio Version 17
VisualStudioVersion = 17.5.002.0
MinimumVisualStudioVersion = 10.0.40219.1
Project("{9A19103F-16F7-4668-BE54-9A1E7A4F7556}") = "Addition of 2", "Addition of 2.csproj", "{9AA09A25-8E30-4A88-8B85-F0354066320F}"
EndProject
Global
	GlobalSection(SolutionConfigurationPlatforms) = preSolution
		Debug|Any CPU = Debug|Any CPU
		Release|Any CPU = Release|Any CPU
	EndGlobalSection
	GlobalSection(ProjectConfigurationPlatforms) = postSolution
		{9AA09A25-8E30-4A88-8B85-F0354066320F}.Debug|Any CPU.ActiveCfg = Debug|Any CPU
		{9AA09A25-8E30-4A88-8B85-F0354066320F}.Debug|Any CPU.Build.0 = Debug|Any CPU
		{9AA09A25-8E30-4A88-8B85-F0354066320F}.Release|Any CPU.ActiveCfg = Release|Any CPU
		{9AA09A25-8E30-4A88-8B85-F0354066320F}.Release|Any CPU.Build.0 = Release|Any CPU
	EndGlobalSection
	GlobalSection(SolutionProperties) = preSolution
		HideSolutionNode = FALSE
	EndGlobalSection
	GlobalSection(ExtensibilityGlobals) = postSolution
		SolutionGuid = {219CD7CB-0E3C-4A2C-B1E6-4DF20F1B8E22}
	EndGlobalSection
EndGlobal
